
Microsoft Visual Studio Solution File, Format Version 12.00
# Visual Studio 14
VisualStudioVersion = 14.0.24720.0
MinimumVisualStudioVersion = 10.0.40219.1
Project("{FAE04EC0-301F-11D3-BF4B-00C04F79EFBC}") = "CSharpBombDefuser", "CSharpBombDefuser\CSharpBombDefuser.csproj", "{8171D53C-60D6-47EE-ABF0-596993E493A1}"
EndProject
Project("{FAE04EC0-301F-11D3-BF4B-00C04F79EFBC}") = "UnitTestProject1", "UnitTestProject1\UnitTestProject1.csproj", "{76F170FC-0348-46E4-B511-20FCC20816BB}"
EndProject
Project("{2150E333-8FDC-42A3-9474-1A3956D46DE8}") = "Solution Items", "Solution Items", "{56737A9C-512F-4984-B761-30CC51F57CC5}"
	ProjectSection(SolutionItems) = preProject
		..\..\..\..\..\Users\hadle\Downloads\digital-7 (italic).ttf = ..\..\..\..\..\Users\hadle\Downloads\digital-7 (italic).ttf
		..\..\..\..\..\Users\hadle\Downloads\digital-7 (mono italic).ttf = ..\..\..\..\..\Users\hadle\Downloads\digital-7 (mono italic).ttf
		..\..\..\..\..\Users\hadle\Downloads\digital-7 (mono).ttf = ..\..\..\..\..\Users\hadle\Downloads\digital-7 (mono).ttf
		..\..\..\..\..\Users\hadle\Downloads\digital-7.ttf = ..\..\..\..\..\Users\hadle\Downloads\digital-7.ttf
	EndProjectSection
EndProject
Global
	GlobalSection(SolutionConfigurationPlatforms) = preSolution
		Debug|Any CPU = Debug|Any CPU
		Release|Any CPU = Release|Any CPU
	EndGlobalSection
	GlobalSection(ProjectConfigurationPlatforms) = postSolution
		{8171D53C-60D6-47EE-ABF0-596993E493A1}.Debug|Any CPU.ActiveCfg = Debug|Any CPU
		{8171D53C-60D6-47EE-ABF0-596993E493A1}.Debug|Any CPU.Build.0 = Debug|Any CPU
		{8171D53C-60D6-47EE-ABF0-596993E493A1}.Release|Any CPU.ActiveCfg = Release|Any CPU
		{8171D53C-60D6-47EE-ABF0-596993E493A1}.Release|Any CPU.Build.0 = Release|Any CPU
		{76F170FC-0348-46E4-B511-20FCC20816BB}.Debug|Any CPU.ActiveCfg = Debug|Any CPU
		{76F170FC-0348-46E4-B511-20FCC20816BB}.Debug|Any CPU.Build.0 = Debug|Any CPU
		{76F170FC-0348-46E4-B511-20FCC20816BB}.Release|Any CPU.ActiveCfg = Release|Any CPU
		{76F170FC-0348-46E4-B511-20FCC20816BB}.Release|Any CPU.Build.0 = Release|Any CPU
	EndGlobalSection
	GlobalSection(SolutionProperties) = preSolution
		HideSolutionNode = FALSE
	EndGlobalSection
EndGlobal
